
Microsoft Visual Studio Solution File, Format Version 12.00
# Visual Studio Version 16
VisualStudioVersion = 16.0.30413.136
MinimumVisualStudioVersion = 10.0.40219.1
Project("{FAE04EC0-301F-11D3-BF4B-00C04F79EFBC}") = "ExportExcel", "ExportExcel.csproj", "{9B16DEC6-A3C1-4F69-BF1A-BE664B9C4EF7}"
EndProject
Global
	GlobalSection(SolutionConfigurationPlatforms) = preSolution
		Debug|Any CPU = Debug|Any CPU
		Release|Any CPU = Release|Any CPU
	EndGlobalSection
	GlobalSection(ProjectConfigurationPlatforms) = postSolution
		{9B16DEC6-A3C1-4F69-BF1A-BE664B9C4EF7}.Debug|Any CPU.ActiveCfg = Debug|Any CPU
		{9B16DEC6-A3C1-4F69-BF1A-BE664B9C4EF7}.Debug|Any CPU.Build.0 = Debug|Any CPU
		{9B16DEC6-A3C1-4F69-BF1A-BE664B9C4EF7}.Release|Any CPU.ActiveCfg = Release|Any CPU
		{9B16DEC6-A3C1-4F69-BF1A-BE664B9C4EF7}.Release|Any CPU.Build.0 = Release|Any CPU
	EndGlobalSection
	GlobalSection(SolutionProperties) = preSolution
		HideSolutionNode = FALSE
	EndGlobalSection
	GlobalSection(ExtensibilityGlobals) = postSolution
		SolutionGuid = {F77B2388-3006-4845-970C-F5284A6E483D}
	EndGlobalSection
EndGlobal
